{
    "_readme": [
        "This file locks the dependencies of your project to a known state",
        "Read more about it at https://getcomposer.org/doc/01-basic-usage.md#composer-lock-the-lock-file",
        "This file is @generated automatically"
    ],
    "hash": "0c013ec013850e85fd7396e67201f615",
    "packages": [
        {
            "name": "ircmaxell/password-compat",
            "version": "v1.0.4",
            "source": {
                "type": "git",
                "url": "https://github.com/ircmaxell/password_compat.git",
                "reference": "5c5cde8822a69545767f7c7f3058cb15ff84614c"
            },
            "dist": {
                "type": "zip",
                "url": "https://api.github.com/repos/ircmaxell/password_compat/zipball/5c5cde8822a69545767f7c7f3058cb15ff84614c",
                "reference": "5c5cde8822a69545767f7c7f3058cb15ff84614c",
                "shasum": ""
            },
            "require-dev": {
                "phpunit/phpunit": "4.*"
            },
            "type": "library",
            "autoload": {
                "files": [
                    "lib/password.php"
                ]
            },
            "notification-url": "https://packagist.org/downloads/",
            "license": [
                "MIT"
            ],
            "authors": [
                {
                    "name": "Anthony Ferrara",
                    "email": "ircmaxell@php.net",
                    "homepage": "http://blog.ircmaxell.com"
                }
            ],
            "description": "A compatibility library for the proposed simplified password hashing algorithm: https://wiki.php.net/rfc/password_hash",
            "homepage": "https://github.com/ircmaxell/password_compat",
            "keywords": [
                "hashing",
                "password"
            ],
            "time": "2014-11-20 16:49:30"
        },
        {
            "name": "paragonie/random_compat",
            "version": "v0.9.7",
            "source": {
                "type": "git",
                "url": "https://github.com/paragonie/random_compat.git",
                "reference": "f3419a01144c55acbb2c4ab86bdc55e65f23cfed"
            },
            "dist": {
                "type": "zip",
                "url": "https://api.github.com/repos/paragonie/random_compat/zipball/f3419a01144c55acbb2c4ab86bdc55e65f23cfed",
                "reference": "f3419a01144c55acbb2c4ab86bdc55e65f23cfed",
                "shasum": ""
            },
            "type": "library",
            "autoload": {
                "files": [
                    "lib/random.php"
                ]
            },
            "notification-url": "https://packagist.org/downloads/",
            "license": [
                "MIT"
            ],
            "authors": [
                {
                    "name": "Paragon Initiative Enterprises",
                    "email": "security@paragonie.com",
                    "homepage": "https://paragonie.com"
                }
            ],
            "description": "PHP 5.x polyfill for random_bytes() and random_int() from PHP 7",
            "keywords": [
                "csprng",
                "pseudorandom",
                "random"
            ],
            "time": "2015-09-01 06:49:33"
        },
        {
            "name": "phpixie/auth",
            "version": "dev-master",
            "source": {
                "type": "git",
                "url": "https://github.com/PHPixie/Auth.git",
                "reference": "d9484bb64f966324e59c69693163dbe949e11c41"
            },
            "dist": {
                "type": "zip",
                "url": "https://api.github.com/repos/PHPixie/Auth/zipball/d9484bb64f966324e59c69693163dbe949e11c41",
                "reference": "d9484bb64f966324e59c69693163dbe949e11c41",
                "shasum": ""
            },
            "require": {
                "ircmaxell/password-compat": "1.*",
                "paragonie/random_compat": "0.*",
                "phpixie/database": "3.*@dev",
                "phpixie/http": "3.*@dev",
                "phpixie/slice": "3.*@dev",
                "psr/http-message": "1.*@dev"
            },
            "require-dev": {
                "phpixie/test": "3.*@dev"
            },
            "type": "library",
            "extra": {
                "branch-alias": {
                    "dev-master": "3.x-dev"
                }
            },
            "autoload": {
                "psr-4": {
                    "PHPixie\\": "src/PHPixie",
                    "PHPixie\\Tests\\": "tests/PHPixie/Tests"
                }
            },
            "notification-url": "https://packagist.org/downloads/",
            "license": [
                "BSD"
            ],
            "authors": [
                {
                    "name": "Roman Tsiupa",
                    "email": "draconyster@gmail.com",
                    "homepage": "http://dracony.org"
                }
            ],
            "description": "Auth library for PHPixie",
            "homepage": "http://phpixie.com",
            "keywords": [
                "auth"
            ],
            "time": "2015-09-04 01:37:16"
        },
        {
            "name": "phpixie/database",
            "version": "dev-master",
            "source": {
                "type": "git",
                "url": "https://github.com/PHPixie/Database.git",
                "reference": "041ca9c00c575071dfb5498e34f4abc1d0fce59c"
            },
            "dist": {
                "type": "zip",
                "url": "https://api.github.com/repos/PHPixie/Database/zipball/041ca9c00c575071dfb5498e34f4abc1d0fce59c",
                "reference": "041ca9c00c575071dfb5498e34f4abc1d0fce59c",
                "shasum": ""
            },
            "require": {
                "phpixie/slice": "3.*@dev"
            },
            "require-dev": {
                "phpixie/test": "3.*@dev"
            },
            "type": "library",
            "extra": {
                "branch-alias": {
                    "dev-master": "3.x-dev"
                }
            },
            "autoload": {
                "psr-4": {
                    "PHPixie\\": "src/PHPixie",
                    "PHPixie\\Tests\\": "tests/PHPixie/Tests"
                }
            },
            "notification-url": "https://packagist.org/downloads/",
            "license": [
                "BSD"
            ],
            "authors": [
                {
                    "name": "Roman Tsiupa",
                    "email": "draconyster@gmail.com",
                    "homepage": "http://dracony.org"
                }
            ],
            "description": "PHPixie Database library",
            "homepage": "http://phpixie.com",
            "keywords": [
                "database",
                "mysql",
                "postgresql",
                "sqlite"
            ],
            "time": "2015-07-21 21:58:02"
        },
        {
            "name": "phpixie/filesystem",
            "version": "dev-master",
            "source": {
                "type": "git",
                "url": "https://github.com/PHPixie/Filesystem.git",
                "reference": "4bf8ef5c5690bb30a5554226df44545a82d736b1"
            },
            "dist": {
                "type": "zip",
                "url": "https://api.github.com/repos/PHPixie/Filesystem/zipball/4bf8ef5c5690bb30a5554226df44545a82d736b1",
                "reference": "4bf8ef5c5690bb30a5554226df44545a82d736b1",
                "shasum": ""
            },
            "require": {
                "phpixie/slice": "3.*@dev"
            },
            "require-dev": {
                "phpixie/test": "3.*@dev"
            },
            "type": "library",
            "extra": {
                "branch-alias": {
                    "dev-master": "3.x-dev"
                }
            },
            "autoload": {
                "psr-4": {
                    "PHPixie\\": "src/PHPixie",
                    "PHPixie\\Tests\\": "tests/PHPixie/Tests"
                }
            },
            "notification-url": "https://packagist.org/downloads/",
            "license": [
                "BSD"
            ],
            "authors": [
                {
                    "name": "Roman Tsiupa",
                    "email": "draconyster@gmail.com",
                    "homepage": "http://dracony.org"
                }
            ],
            "description": "Filesystem wrappers for PHPixie",
            "homepage": "http://phpixie.com",
            "keywords": [
                "file",
                "filesystem"
            ],
            "time": "2015-06-05 15:23:54"
        },
        {
            "name": "phpixie/http",
            "version": "dev-master",
            "source": {
                "type": "git",
                "url": "https://github.com/PHPixie/HTTP.git",
                "reference": "ea57c81cea16e66cd9f7b964ef3009fe1d9cc9c5"
            },
            "dist": {
                "type": "zip",
                "url": "https://api.github.com/repos/PHPixie/HTTP/zipball/ea57c81cea16e66cd9f7b964ef3009fe1d9cc9c5",
                "reference": "ea57c81cea16e66cd9f7b964ef3009fe1d9cc9c5",
                "shasum": ""
            },
            "require": {
                "phpixie/slice": "3.*@dev",
                "psr/http-message": "1.0.*@dev"
            },
            "require-dev": {
                "phpixie/test": "3.*@dev"
            },
            "type": "library",
            "extra": {
                "branch-alias": {
                    "dev-master": "3.x-dev"
                }
            },
            "autoload": {
                "psr-4": {
                    "PHPixie\\": "src/PHPixie",
                    "PHPixie\\Tests\\": "tests/PHPixie/Tests"
                }
            },
            "notification-url": "https://packagist.org/downloads/",
            "license": [
                "BSD"
            ],
            "authors": [
                {
                    "name": "Roman Tsiupa",
                    "email": "draconyster@gmail.com",
                    "homepage": "http://dracony.org"
                }
            ],
            "description": "HTTP library for PHPixie, implements the PSR-7 standard",
            "homepage": "http://phpixie.com",
            "keywords": [
                "http",
                "psr-7"
            ],
            "time": "2015-09-04 00:56:20"
        },
        {
            "name": "phpixie/orm",
            "version": "dev-master",
            "source": {
                "type": "git",
                "url": "https://github.com/PHPixie/ORM.git",
                "reference": "1daa47fbe417a5f716087898aaa3c220aea85568"
            },
            "dist": {
                "type": "zip",
                "url": "https://api.github.com/repos/PHPixie/ORM/zipball/1daa47fbe417a5f716087898aaa3c220aea85568",
                "reference": "1daa47fbe417a5f716087898aaa3c220aea85568",
                "shasum": ""
            },
            "require": {
                "phpixie/database": "3.*@dev",
                "phpixie/slice": "3.*@dev"
            },
            "require-dev": {
                "phpixie/test": "3.*@dev"
            },
            "type": "library",
            "extra": {
                "branch-alias": {
                    "dev-master": "3.x-dev"
                }
            },
            "autoload": {
                "psr-4": {
                    "PHPixie\\": "src/PHPixie",
                    "PHPixie\\Tests\\": "tests/PHPixie/Tests"
                }
            },
            "notification-url": "https://packagist.org/downloads/",
            "license": [
                "BSD"
            ],
            "authors": [
                {
                    "name": "Roman Tsiupa",
                    "email": "draconyster@gmail.com",
                    "homepage": "http://dracony.org"
                }
            ],
            "description": "ORM library for PHPixie",
            "homepage": "http://phpixie.com",
            "keywords": [
                "database",
                "orm"
            ],
            "time": "2015-08-29 13:35:10"
        },
        {
            "name": "phpixie/processors",
            "version": "dev-master",
            "source": {
                "type": "git",
                "url": "https://github.com/PHPixie/Processors.git",
                "reference": "78f135bf995e062231e99c10d9881aa47acbac4b"
            },
            "dist": {
                "type": "zip",
                "url": "https://api.github.com/repos/PHPixie/Processors/zipball/78f135bf995e062231e99c10d9881aa47acbac4b",
                "reference": "78f135bf995e062231e99c10d9881aa47acbac4b",
                "shasum": ""
            },
            "require-dev": {
                "phpixie/test": "3.*@dev"
            },
            "type": "library",
            "extra": {
                "branch-alias": {
                    "dev-master": "3.x-dev"
                }
            },
            "autoload": {
                "psr-4": {
                    "PHPixie\\": "src/PHPixie",
                    "PHPixie\\Tests\\": "tests/PHPixie/Tests"
                }
            },
            "notification-url": "https://packagist.org/downloads/",
            "license": [
                "BSD"
            ],
            "authors": [
                {
                    "name": "Roman Tsiupa",
                    "email": "draconyster@gmail.com",
                    "homepage": "http://dracony.org"
                }
            ],
            "description": "Processors library for PHPixie",
            "homepage": "http://phpixie.com",
            "keywords": [
                "Chain",
                "processors"
            ],
            "time": "2015-07-08 17:48:05"
        },
        {
            "name": "phpixie/route",
            "version": "dev-master",
            "source": {
                "type": "git",
                "url": "https://github.com/PHPixie/Route.git",
                "reference": "10162d1062c7cf78368bb1a62df9bc5eda555eaf"
            },
            "dist": {
                "type": "zip",
                "url": "https://api.github.com/repos/PHPixie/Route/zipball/10162d1062c7cf78368bb1a62df9bc5eda555eaf",
                "reference": "10162d1062c7cf78368bb1a62df9bc5eda555eaf",
                "shasum": ""
            },
            "require": {
                "phpixie/http": "3.*@dev",
                "phpixie/slice": "3.*@dev",
                "psr/http-message": "1.*@dev"
            },
            "require-dev": {
                "phpixie/test": "3.*@dev"
            },
            "type": "library",
            "extra": {
                "branch-alias": {
                    "dev-master": "3.x-dev"
                }
            },
            "autoload": {
                "psr-4": {
                    "PHPixie\\": "src/PHPixie",
                    "PHPixie\\Tests\\": "tests/PHPixie/Tests"
                }
            },
            "notification-url": "https://packagist.org/downloads/",
            "license": [
                "BSD"
            ],
            "authors": [
                {
                    "name": "Roman Tsiupa",
                    "email": "draconyster@gmail.com",
                    "homepage": "http://dracony.org"
                }
            ],
            "description": "Routing library for PHPixie",
            "homepage": "http://phpixie.com",
            "keywords": [
                "route",
                "router",
                "routing"
            ],
            "time": "2015-09-04 00:59:28"
        },
        {
            "name": "phpixie/slice",
            "version": "dev-master",
            "source": {
                "type": "git",
                "url": "https://github.com/PHPixie/Slice.git",
                "reference": "ab9d4b4eaac1f948ebb93a71849dbfe44cbea1f6"
            },
            "dist": {
                "type": "zip",
                "url": "https://api.github.com/repos/PHPixie/Slice/zipball/ab9d4b4eaac1f948ebb93a71849dbfe44cbea1f6",
                "reference": "ab9d4b4eaac1f948ebb93a71849dbfe44cbea1f6",
                "shasum": ""
            },
            "require-dev": {
                "phpixie/test": "3.*@dev"
            },
            "type": "library",
            "extra": {
                "branch-alias": {
                    "dev-master": "3.x-dev"
                }
            },
            "autoload": {
                "psr-4": {
                    "PHPixie\\": "src/PHPixie",
                    "PHPixie\\Tests\\": "tests/PHPixie/Tests"
                }
            },
            "notification-url": "https://packagist.org/downloads/",
            "license": [
                "BSD"
            ],
            "authors": [
                {
                    "name": "Roman Tsiupa",
                    "email": "draconyster@gmail.com",
                    "homepage": "http://dracony.org"
                }
            ],
            "description": "Slice library for PHPixie",
            "homepage": "http://phpixie.com",
            "keywords": [
                "array",
                "data",
                "parameters"
            ],
            "time": "2015-04-19 00:49:02"
        },
        {
            "name": "psr/http-message",
            "version": "dev-master",
            "source": {
                "type": "git",
                "url": "https://github.com/php-fig/http-message.git",
                "reference": "85d63699f0dbedb190bbd4b0d2b9dc707ea4c298"
            },
            "dist": {
                "type": "zip",
                "url": "https://api.github.com/repos/php-fig/http-message/zipball/85d63699f0dbedb190bbd4b0d2b9dc707ea4c298",
                "reference": "85d63699f0dbedb190bbd4b0d2b9dc707ea4c298",
                "shasum": ""
            },
            "require": {
                "php": ">=5.3.0"
            },
            "type": "library",
            "extra": {
                "branch-alias": {
                    "dev-master": "1.0.x-dev"
                }
            },
            "autoload": {
                "psr-4": {
                    "Psr\\Http\\Message\\": "src/"
                }
            },
            "notification-url": "https://packagist.org/downloads/",
            "license": [
                "MIT"
            ],
            "authors": [
                {
                    "name": "PHP-FIG",
                    "homepage": "http://www.php-fig.org/"
                }
            ],
            "description": "Common interface for HTTP messages",
            "keywords": [
                "http",
                "http-message",
                "psr",
                "psr-7",
                "request",
                "response"
            ],
            "time": "2015-05-04 20:22:00"
        }
    ],
    "packages-dev": [
        {
            "name": "phpixie/test",
            "version": "dev-master",
            "source": {
                "type": "git",
                "url": "https://github.com/PHPixie/Test.git",
                "reference": "9663d651392185ace889fef15e7809a7bd302348"
            },
            "dist": {
                "type": "zip",
                "url": "https://api.github.com/repos/PHPixie/Test/zipball/9663d651392185ace889fef15e7809a7bd302348",
                "reference": "9663d651392185ace889fef15e7809a7bd302348",
                "shasum": ""
            },
            "type": "library",
            "extra": {
                "branch-alias": {
                    "dev-master": "3.x-dev"
                }
            },
            "autoload": {
                "psr-0": {
                    "PHPixie": "src/"
                }
            },
            "notification-url": "https://packagist.org/downloads/",
            "license": [
                "BSD"
            ],
            "authors": [
                {
                    "name": "Roman Tsiupa",
                    "email": "draconyster@gmail.com",
                    "homepage": "http://dracony.org"
                }
            ],
            "description": "Testing library for PHPixie",
            "homepage": "http://phpixie.com",
            "keywords": [
                "phpunit",
                "test"
            ],
            "time": "2015-03-09 13:46:41"
        }
    ],
    "aliases": [],
    "minimum-stability": "stable",
    "stability-flags": {
        "phpixie/route": 20,
        "phpixie/database": 20,
        "phpixie/orm": 20,
        "phpixie/filesystem": 20,
        "phpixie/processors": 20,
        "phpixie/slice": 20,
        "phpixie/http": 20,
        "psr/http-message": 20,
        "phpixie/auth": 20,
        "phpixie/test": 20
    },
    "prefer-stable": false,
    "prefer-lowest": false,
    "platform": [],
    "platform-dev": []
}
